// !$*UTF8*$!
{
	archiveVersion = 1;
	classes = {
	};
	objectVersion = 46;
	objects = {

/* Begin PBXBuildFile section */
		6258CAA01AA1A78E00D7C392 /* ActionViewController.swift in Sources */ = {isa = PBXBuildFile; fileRef = 6258CA9F1AA1A78E00D7C392 /* ActionViewController.swift */; };
		6258CAA21AA1A78E00D7C392 /* MainInterface.storyboard in Resources */ = {isa = PBXBuildFile; fileRef = 6258CAA11AA1A78E00D7C392 /* MainInterface.storyboard */; };
		6258CAA51AA1A78E00D7C392 /* DouguExtension.appex in Embed App Extensions */ = {isa = PBXBuildFile; fileRef = 6258CA9B1AA1A78E00D7C392 /* DouguExtension.appex */; settings = {ATTRIBUTES = (RemoveHeadersOnCopy, ); }; };
		62E8ADF61AA1A1BE00E8DAE0 /* AppDelegate.swift in Sources */ = {isa = PBXBuildFile; fileRef = 62E8ADF51AA1A1BE00E8DAE0 /* AppDelegate.swift */; };
		62E8ADF91AA1A1BE00E8DAE0 /* Dougu.xcdatamodeld in Sources */ = {isa = PBXBuildFile; fileRef = 62E8ADF71AA1A1BE00E8DAE0 /* Dougu.xcdatamodeld */; };
		62E8ADFE1AA1A1BE00E8DAE0 /* Main.storyboard in Resources */ = {isa = PBXBuildFile; fileRef = 62E8ADFC1AA1A1BE00E8DAE0 /* Main.storyboard */; };
		62E8AE001AA1A1BE00E8DAE0 /* Images.xcassets in Resources */ = {isa = PBXBuildFile; fileRef = 62E8ADFF1AA1A1BE00E8DAE0 /* Images.xcassets */; };
		62E8AE031AA1A1BE00E8DAE0 /* LaunchScreen.xib in Resources */ = {isa = PBXBuildFile; fileRef = 62E8AE011AA1A1BE00E8DAE0 /* LaunchScreen.xib */; };
		62E8AE0F1AA1A1BE00E8DAE0 /* DouguTests.swift in Sources */ = {isa = PBXBuildFile; fileRef = 62E8AE0E1AA1A1BE00E8DAE0 /* DouguTests.swift */; };
		62E8AE191AA1A25900E8DAE0 /* InitialViewController.swift in Sources */ = {isa = PBXBuildFile; fileRef = 62E8AE181AA1A25900E8DAE0 /* InitialViewController.swift */; };
		62E8AE1B1AA1A27A00E8DAE0 /* MainTableTableViewController.swift in Sources */ = {isa = PBXBuildFile; fileRef = 62E8AE1A1AA1A27A00E8DAE0 /* MainTableTableViewController.swift */; };
/* End PBXBuildFile section */

/* Begin PBXContainerItemProxy section */
		6258CAA31AA1A78E00D7C392 /* PBXContainerItemProxy */ = {
			isa = PBXContainerItemProxy;
			containerPortal = 62E8ADE81AA1A1BE00E8DAE0 /* Project object */;
			proxyType = 1;
			remoteGlobalIDString = 6258CA9A1AA1A78E00D7C392;
			remoteInfo = DouguExtension;
		};
		62E8AE091AA1A1BE00E8DAE0 /* PBXContainerItemProxy */ = {
			isa = PBXContainerItemProxy;
			containerPortal = 62E8ADE81AA1A1BE00E8DAE0 /* Project object */;
			proxyType = 1;
			remoteGlobalIDString = 62E8ADEF1AA1A1BE00E8DAE0;
			remoteInfo = Dougu;
		};
/* End PBXContainerItemProxy section */

/* Begin PBXCopyFilesBuildPhase section */
		6258CAA91AA1A78E00D7C392 /* Embed App Extensions */ = {
			isa = PBXCopyFilesBuildPhase;
			buildActionMask = 2147483647;
			dstPath = "";
			dstSubfolderSpec = 13;
			files = (
				6258CAA51AA1A78E00D7C392 /* DouguExtension.appex in Embed App Extensions */,
			);
			name = "Embed App Extensions";
			runOnlyForDeploymentPostprocessing = 0;
		};
/* End PBXCopyFilesBuildPhase section */

/* Begin PBXFileReference section */
		6258CA9B1AA1A78E00D7C392 /* DouguExtension.appex */ = {isa = PBXFileReference; explicitFileType = "wrapper.app-extension"; includeInIndex = 0; path = DouguExtension.appex; sourceTree = BUILT_PRODUCTS_DIR; };
		6258CA9E1AA1A78E00D7C392 /* Info.plist */ = {isa = PBXFileReference; lastKnownFileType = text.plist.xml; path = Info.plist; sourceTree = "<group>"; };
		6258CA9F1AA1A78E00D7C392 /* ActionViewController.swift */ = {isa = PBXFileReference; lastKnownFileType = sourcecode.swift; path = ActionViewController.swift; sourceTree = "<group>"; };
		6258CAA11AA1A78E00D7C392 /* MainInterface.storyboard */ = {isa = PBXFileReference; lastKnownFileType = file.storyboard; path = MainInterface.storyboard; sourceTree = "<group>"; };
		62E8ADF01AA1A1BE00E8DAE0 /* Dougu.app */ = {isa = PBXFileReference; explicitFileType = wrapper.application; includeInIndex = 0; path = Dougu.app; sourceTree = BUILT_PRODUCTS_DIR; };
		62E8ADF41AA1A1BE00E8DAE0 /* Info.plist */ = {isa = PBXFileReference; lastKnownFileType = text.plist.xml; path = Info.plist; sourceTree = "<group>"; };
		62E8ADF51AA1A1BE00E8DAE0 /* AppDelegate.swift */ = {isa = PBXFileReference; lastKnownFileType = sourcecode.swift; path = AppDelegate.swift; sourceTree = "<group>"; };
		62E8ADF81AA1A1BE00E8DAE0 /* Dougu.xcdatamodel */ = {isa = PBXFileReference; lastKnownFileType = wrapper.xcdatamodel; path = Dougu.xcdatamodel; sourceTree = "<group>"; };
		62E8ADFD1AA1A1BE00E8DAE0 /* Base */ = {isa = PBXFileReference; lastKnownFileType = file.storyboard; name = Base; path = Base.lproj/Main.storyboard; sourceTree = "<group>"; };
		62E8ADFF1AA1A1BE00E8DAE0 /* Images.xcassets */ = {isa = PBXFileReference; lastKnownFileType = folder.assetcatalog; path = Images.xcassets; sourceTree = "<group>"; };
		62E8AE021AA1A1BE00E8DAE0 /* Base */ = {isa = PBXFileReference; lastKnownFileType = file.xib; name = Base; path = Base.lproj/LaunchScreen.xib; sourceTree = "<group>"; };
		62E8AE081AA1A1BE00E8DAE0 /* DouguTests.xctest */ = {isa = PBXFileReference; explicitFileType = wrapper.cfbundle; includeInIndex = 0; path = DouguTests.xctest; sourceTree = BUILT_PRODUCTS_DIR; };
		62E8AE0D1AA1A1BE00E8DAE0 /* Info.plist */ = {isa = PBXFileReference; lastKnownFileType = text.plist.xml; path = Info.plist; sourceTree = "<group>"; };
		62E8AE0E1AA1A1BE00E8DAE0 /* DouguTests.swift */ = {isa = PBXFileReference; lastKnownFileType = sourcecode.swift; path = DouguTests.swift; sourceTree = "<group>"; };
		62E8AE181AA1A25900E8DAE0 /* InitialViewController.swift */ = {isa = PBXFileReference; fileEncoding = 4; lastKnownFileType = sourcecode.swift; path = InitialViewController.swift; sourceTree = "<group>"; };
		62E8AE1A1AA1A27A00E8DAE0 /* MainTableTableViewController.swift */ = {isa = PBXFileReference; fileEncoding = 4; lastKnownFileType = sourcecode.swift; path = MainTableTableViewController.swift; sourceTree = "<group>"; };
/* End PBXFileReference section */

/* Begin PBXFrameworksBuildPhase section */
		6258CA981AA1A78E00D7C392 /* Frameworks */ = {
			isa = PBXFrameworksBuildPhase;
			buildActionMask = 2147483647;
			files = (
			);
			runOnlyForDeploymentPostprocessing = 0;
		};
		62E8ADED1AA1A1BE00E8DAE0 /* Frameworks */ = {
			isa = PBXFrameworksBuildPhase;
			buildActionMask = 2147483647;
			files = (
			);
			runOnlyForDeploymentPostprocessing = 0;
		};
		62E8AE051AA1A1BE00E8DAE0 /* Frameworks */ = {
			isa = PBXFrameworksBuildPhase;
			buildActionMask = 2147483647;
			files = (
			);
			runOnlyForDeploymentPostprocessing = 0;
		};
/* End PBXFrameworksBuildPhase section */

/* Begin PBXGroup section */
		6258CA9C1AA1A78E00D7C392 /* DouguExtension */ = {
			isa = PBXGroup;
			children = (
				6258CA9F1AA1A78E00D7C392 /* ActionViewController.swift */,
				6258CAA11AA1A78E00D7C392 /* MainInterface.storyboard */,
				6258CA9D1AA1A78E00D7C392 /* Supporting Files */,
			);
			path = DouguExtension;
			sourceTree = "<group>";
		};
		6258CA9D1AA1A78E00D7C392 /* Supporting Files */ = {
			isa = PBXGroup;
			children = (
				6258CA9E1AA1A78E00D7C392 /* Info.plist */,
			);
			name = "Supporting Files";
			sourceTree = "<group>";
		};
		62E8ADE71AA1A1BE00E8DAE0 = {
			isa = PBXGroup;
			children = (
				62E8ADF21AA1A1BE00E8DAE0 /* Dougu */,
				62E8AE0B1AA1A1BE00E8DAE0 /* DouguTests */,
				6258CA9C1AA1A78E00D7C392 /* DouguExtension */,
				62E8ADF11AA1A1BE00E8DAE0 /* Products */,
			);
			sourceTree = "<group>";
		};
		62E8ADF11AA1A1BE00E8DAE0 /* Products */ = {
			isa = PBXGroup;
			children = (
				62E8ADF01AA1A1BE00E8DAE0 /* Dougu.app */,
				62E8AE081AA1A1BE00E8DAE0 /* DouguTests.xctest */,
				6258CA9B1AA1A78E00D7C392 /* DouguExtension.appex */,
			);
			name = Products;
			sourceTree = "<group>";
		};
		62E8ADF21AA1A1BE00E8DAE0 /* Dougu */ = {
			isa = PBXGroup;
			children = (
				62E8ADF51AA1A1BE00E8DAE0 /* AppDelegate.swift */,
				62E8ADFC1AA1A1BE00E8DAE0 /* Main.storyboard */,
				62E8AE181AA1A25900E8DAE0 /* InitialViewController.swift */,
				62E8AE1A1AA1A27A00E8DAE0 /* MainTableTableViewController.swift */,
				62E8ADFF1AA1A1BE00E8DAE0 /* Images.xcassets */,
				62E8AE011AA1A1BE00E8DAE0 /* LaunchScreen.xib */,
				62E8ADF71AA1A1BE00E8DAE0 /* Dougu.xcdatamodeld */,
				62E8ADF31AA1A1BE00E8DAE0 /* Supporting Files */,
			);
			path = Dougu;
			sourceTree = "<group>";
		};
		62E8ADF31AA1A1BE00E8DAE0 /* Supporting Files */ = {
			isa = PBXGroup;
			children = (
				62E8ADF41AA1A1BE00E8DAE0 /* Info.plist */,
			);
			name = "Supporting Files";
			sourceTree = "<group>";
		};
		62E8AE0B1AA1A1BE00E8DAE0 /* DouguTests */ = {
			isa = PBXGroup;
			children = (
				62E8AE0E1AA1A1BE00E8DAE0 /* DouguTests.swift */,
				62E8AE0C1AA1A1BE00E8DAE0 /* Supporting Files */,
			);
			path = DouguTests;
			sourceTree = "<group>";
		};
		62E8AE0C1AA1A1BE00E8DAE0 /* Supporting Files */ = {
			isa = PBXGroup;
			children = (
				62E8AE0D1AA1A1BE00E8DAE0 /* Info.plist */,
			);
			name = "Supporting Files";
			sourceTree = "<group>";
		};
/* End PBXGroup section */

/* Begin PBXNativeTarget section */
		6258CA9A1AA1A78E00D7C392 /* DouguExtension */ = {
			isa = PBXNativeTarget;
			buildConfigurationList = 6258CAA81AA1A78E00D7C392 /* Build configuration list for PBXNativeTarget "DouguExtension" */;
			buildPhases = (
				6258CA971AA1A78E00D7C392 /* Sources */,
				6258CA981AA1A78E00D7C392 /* Frameworks */,
				6258CA991AA1A78E00D7C392 /* Resources */,
			);
			buildRules = (
			);
			dependencies = (
			);
			name = DouguExtension;
			productName = DouguExtension;
			productReference = 6258CA9B1AA1A78E00D7C392 /* DouguExtension.appex */;
			productType = "com.apple.product-type.app-extension";
		};
		62E8ADEF1AA1A1BE00E8DAE0 /* Dougu */ = {
			isa = PBXNativeTarget;
			buildConfigurationList = 62E8AE121AA1A1BE00E8DAE0 /* Build configuration list for PBXNativeTarget "Dougu" */;
			buildPhases = (
				62E8ADEC1AA1A1BE00E8DAE0 /* Sources */,
				62E8ADED1AA1A1BE00E8DAE0 /* Frameworks */,
				62E8ADEE1AA1A1BE00E8DAE0 /* Resources */,
				6258CAA91AA1A78E00D7C392 /* Embed App Extensions */,
			);
			buildRules = (
			);
			dependencies = (
				6258CAA41AA1A78E00D7C392 /* PBXTargetDependency */,
			);
			name = Dougu;
			productName = Dougu;
			productReference = 62E8ADF01AA1A1BE00E8DAE0 /* Dougu.app */;
			productType = "com.apple.product-type.application";
		};
		62E8AE071AA1A1BE00E8DAE0 /* DouguTests */ = {
			isa = PBXNativeTarget;
			buildConfigurationList = 62E8AE151AA1A1BE00E8DAE0 /* Build configuration list for PBXNativeTarget "DouguTests" */;
			buildPhases = (
				62E8AE041AA1A1BE00E8DAE0 /* Sources */,
				62E8AE051AA1A1BE00E8DAE0 /* Frameworks */,
				62E8AE061AA1A1BE00E8DAE0 /* Resources */,
			);
			buildRules = (
			);
			dependencies = (
				62E8AE0A1AA1A1BE00E8DAE0 /* PBXTargetDependency */,
			);
			name = DouguTests;
			productName = DouguTests;
			productReference = 62E8AE081AA1A1BE00E8DAE0 /* DouguTests.xctest */;
			productType = "com.apple.product-type.bundle.unit-test";
		};
/* End PBXNativeTarget section */

/* Begin PBXProject section */
		62E8ADE81AA1A1BE00E8DAE0 /* Project object */ = {
			isa = PBXProject;
			attributes = {
				LastUpgradeCheck = 0620;
				ORGANIZATIONNAME = sloot;
				TargetAttributes = {
					6258CA9A1AA1A78E00D7C392 = {
						CreatedOnToolsVersion = 6.2;
					};
					62E8ADEF1AA1A1BE00E8DAE0 = {
						CreatedOnToolsVersion = 6.2;
					};
					62E8AE071AA1A1BE00E8DAE0 = {
						CreatedOnToolsVersion = 6.2;
						TestTargetID = 62E8ADEF1AA1A1BE00E8DAE0;
					};
				};
			};
			buildConfigurationList = 62E8ADEB1AA1A1BE00E8DAE0 /* Build configuration list for PBXProject "Dougu" */;
			compatibilityVersion = "Xcode 3.2";
			developmentRegion = English;
			hasScannedForEncodings = 0;
			knownRegions = (
				en,
				Base,
			);
			mainGroup = 62E8ADE71AA1A1BE00E8DAE0;
			productRefGroup = 62E8ADF11AA1A1BE00E8DAE0 /* Products */;
			projectDirPath = "";
			projectRoot = "";
			targets = (
				62E8ADEF1AA1A1BE00E8DAE0 /* Dougu */,
				62E8AE071AA1A1BE00E8DAE0 /* DouguTests */,
				6258CA9A1AA1A78E00D7C392 /* DouguExtension */,
			);
		};
/* End PBXProject section */

/* Begin PBXResourcesBuildPhase section */
		6258CA991AA1A78E00D7C392 /* Resources */ = {
			isa = PBXResourcesBuildPhase;
			buildActionMask = 2147483647;
			files = (
				6258CAA21AA1A78E00D7C392 /* MainInterface.storyboard in Resources */,
			);
			runOnlyForDeploymentPostprocessing = 0;
		};
		62E8ADEE1AA1A1BE00E8DAE0 /* Resources */ = {
			isa = PBXResourcesBuildPhase;
			buildActionMask = 2147483647;
			files = (
				62E8ADFE1AA1A1BE00E8DAE0 /* Main.storyboard in Resources */,
				62E8AE031AA1A1BE00E8DAE0 /* LaunchScreen.xib in Resources */,
				62E8AE001AA1A1BE00E8DAE0 /* Images.xcassets in Resources */,
			);
			runOnlyForDeploymentPostprocessing = 0;
		};
		62E8AE061AA1A1BE00E8DAE0 /* Resources */ = {
			isa = PBXResourcesBuildPhase;
			buildActionMask = 2147483647;
			files = (
			);
			runOnlyForDeploymentPostprocessing = 0;
		};
/* End PBXResourcesBuildPhase section */

/* Begin PBXSourcesBuildPhase section */
		6258CA971AA1A78E00D7C392 /* Sources */ = {
			isa = PBXSourcesBuildPhase;
			buildActionMask = 2147483647;
			files = (
				6258CAA01AA1A78E00D7C392 /* ActionViewController.swift in Sources */,
			);
			runOnlyForDeploymentPostprocessing = 0;
		};
		62E8ADEC1AA1A1BE00E8DAE0 /* Sources */ = {
			isa = PBXSourcesBuildPhase;
			buildActionMask = 2147483647;
			files = (
				62E8AE191AA1A25900E8DAE0 /* InitialViewController.swift in Sources */,
				62E8AE1B1AA1A27A00E8DAE0 /* MainTableTableViewController.swift in Sources */,
				62E8ADF91AA1A1BE00E8DAE0 /* Dougu.xcdatamodeld in Sources */,
				62E8ADF61AA1A1BE00E8DAE0 /* AppDelegate.swift in Sources */,
			);
			runOnlyForDeploymentPostprocessing = 0;
		};
		62E8AE041AA1A1BE00E8DAE0 /* Sources */ = {
			isa = PBXSourcesBuildPhase;
			buildActionMask = 2147483647;
			files = (
				62E8AE0F1AA1A1BE00E8DAE0 /* DouguTests.swift in Sources */,
			);
			runOnlyForDeploymentPostprocessing = 0;
		};
/* End PBXSourcesBuildPhase section */

/* Begin PBXTargetDependency section */
		6258CAA41AA1A78E00D7C392 /* PBXTargetDependency */ = {
			isa = PBXTargetDependency;
			target = 6258CA9A1AA1A78E00D7C392 /* DouguExtension */;
			targetProxy = 6258CAA31AA1A78E00D7C392 /* PBXContainerItemProxy */;
		};
		62E8AE0A1AA1A1BE00E8DAE0 /* PBXTargetDependency */ = {
			isa = PBXTargetDependency;
			target = 62E8ADEF1AA1A1BE00E8DAE0 /* Dougu */;
			targetProxy = 62E8AE091AA1A1BE00E8DAE0 /* PBXContainerItemProxy */;
		};
/* End PBXTargetDependency section */

/* Begin PBXVariantGroup section */
		62E8ADFC1AA1A1BE00E8DAE0 /* Main.storyboard */ = {
			isa = PBXVariantGroup;
			children = (
				62E8ADFD1AA1A1BE00E8DAE0 /* Base */,
			);
			name = Main.storyboard;
			sourceTree = "<group>";
		};
		62E8AE011AA1A1BE00E8DAE0 /* LaunchScreen.xib */ = {
			isa = PBXVariantGroup;
			children = (
				62E8AE021AA1A1BE00E8DAE0 /* Base */,
			);
			name = LaunchScreen.xib;
			sourceTree = "<group>";
		};
/* End PBXVariantGroup section */

/* Begin XCBuildConfiguration section */
		6258CAA61AA1A78E00D7C392 /* Debug */ = {
			isa = XCBuildConfiguration;
			buildSettings = {
				GCC_PREPROCESSOR_DEFINITIONS = (
					"DEBUG=1",
					"$(inherited)",
				);
				INFOPLIST_FILE = DouguExtension/Info.plist;
				LD_RUNPATH_SEARCH_PATHS = "$(inherited) @executable_path/Frameworks @executable_path/../../Frameworks";
				PRODUCT_NAME = "$(TARGET_NAME)";
				SKIP_INSTALL = YES;
			};
			name = Debug;
		};
		6258CAA71AA1A78E00D7C392 /* Release */ = {
			isa = XCBuildConfiguration;
			buildSettings = {
				INFOPLIST_FILE = DouguExtension/Info.plist;
				LD_RUNPATH_SEARCH_PATHS = "$(inherited) @executable_path/Frameworks @executable_path/../../Frameworks";
				PRODUCT_NAME = "$(TARGET_NAME)";
				SKIP_INSTALL = YES;
			};
			name = Release;
		};
		62E8AE101AA1A1BE00E8DAE0 /* Debug */ = {
			isa = XCBuildConfiguration;
			buildSettings = {
				ALWAYS_SEARCH_USER_PATHS = NO;
				CLANG_CXX_LANGUAGE_STANDARD = "gnu++0x";
				CLANG_CXX_LIBRARY = "libc++";
				CLANG_ENABLE_MODULES = YES;
				CLANG_ENABLE_OBJC_ARC = YES;
				CLANG_WARN_BOOL_CONVERSION = YES;
				CLANG_WARN_CONSTANT_CONVERSION = YES;
				CLANG_WARN_DIRECT_OBJC_ISA_USAGE = YES_ERROR;
				CLANG_WARN_EMPTY_BODY = YES;
				CLANG_WARN_ENUM_CONVERSION = YES;
				CLANG_WARN_INT_CONVERSION = YES;
				CLANG_WARN_OBJC_ROOT_CLASS = YES_ERROR;
				CLANG_WARN_UNREACHABLE_CODE = YES;
				CLANG_WARN__DUPLICATE_METHOD_MATCH = YES;
				"CODE_SIGN_IDENTITY[sdk=iphoneos*]" = "iPhone Developer";
				COPY_PHASE_STRIP = NO;
				ENABLE_STRICT_OBJC_MSGSEND = YES;
				GCC_C_LANGUAGE_STANDARD = gnu99;
				GCC_DYNAMIC_NO_PIC = NO;
				GCC_OPTIMIZATION_LEVEL = 0;
				GCC_PREPROCESSOR_DEFINITIONS = (
					"DEBUG=1",
					"$(inherited)",
				);
				GCC_SYMBOLS_PRIVATE_EXTERN = NO;
				GCC_WARN_64_TO_32_BIT_CONVERSION = YES;
				GCC_WARN_ABOUT_RETURN_TYPE = YES_ERROR;
				GCC_WARN_UNDECLARED_SELECTOR = YES;
				GCC_WARN_UNINITIALIZED_AUTOS = YES_AGGRESSIVE;
				GCC_WARN_UNUSED_FUNCTION = YES;
				GCC_WARN_UNUSED_VARIABLE = YES;
				IPHONEOS_DEPLOYMENT_TARGET = 8.2;
				MTL_ENABLE_DEBUG_INFO = YES;
				ONLY_ACTIVE_ARCH = YES;
				SDKROOT = iphoneos;
				SWIFT_OPTIMIZATION_LEVEL = "-Onone";
			};
			name = Debug;
		};
		62E8AE111AA1A1BE00E8DAE0 /* Release */ = {
			isa = XCBuildConfiguration;
			buildSettings = {
				ALWAYS_SEARCH_USER_PATHS = NO;
				CLANG_CXX_LANGUAGE_STANDARD = "gnu++0x";
				CLANG_CXX_LIBRARY = "libc++";
				CLANG_ENABLE_MODULES = YES;
				CLANG_ENABLE_OBJC_ARC = YES;
				CLANG_WARN_BOOL_CONVERSION = YES;
				CLANG_WARN_CONSTANT_CONVERSION = YES;
				CLANG_WARN_DIRECT_OBJC_ISA_USAGE = YES_ERROR;
				CLANG_WARN_EMPTY_BODY = YES;
				CLANG_WARN_ENUM_CONVERSION = YES;
				CLANG_WARN_INT_CONVERSION = YES;
				CLANG_WARN_OBJC_ROOT_CLASS = YES_ERROR;
				CLANG_WARN_UNREACHABLE_CODE = YES;
				CLANG_WARN__DUPLICATE_METHOD_MATCH = YES;
				"CODE_SIGN_IDENTITY[sdk=iphoneos*]" = "iPhone Developer";
				COPY_PHASE_STRIP = YES;
				ENABLE_NS_ASSERTIONS = NO;
				ENABLE_STRICT_OBJC_MSGSEND = YES;
				GCC_C_LANGUAGE_STANDARD = gnu99;
				GCC_WARN_64_TO_32_BIT_CONVERSION = YES;
				GCC_WARN_ABOUT_RETURN_TYPE = YES_ERROR;
				GCC_WARN_UNDECLARED_SELECTOR = YES;
				GCC_WARN_UNINITIALIZED_AUTOS = YES_AGGRESSIVE;
				GCC_WARN_UNUSED_FUNCTION = YES;
				GCC_WARN_UNUSED_VARIABLE = YES;
				IPHONEOS_DEPLOYMENT_TARGET = 8.2;
				MTL_ENABLE_DEBUG_INFO = NO;
				SDKROOT = iphoneos;
				VALIDATE_PRODUCT = YES;
			};
			name = Release;
		};
		62E8AE131AA1A1BE00E8DAE0 /* Debug */ = {
			isa = XCBuildConfiguration;
			buildSettings = {
				ASSETCATALOG_COMPILER_APPICON_NAME = AppIcon;
				EMBEDDED_CONTENT_CONTAINS_SWIFT = YES;
				INFOPLIST_FILE = Dougu/Info.plist;
				LD_RUNPATH_SEARCH_PATHS = "$(inherited) @executable_path/Frameworks";
				PRODUCT_NAME = "$(TARGET_NAME)";
			};
			name = Debug;
		};
		62E8AE141AA1A1BE00E8DAE0 /* Release */ = {
			isa = XCBuildConfiguration;
			buildSettings = {
				ASSETCATALOG_COMPILER_APPICON_NAME = AppIcon;
				EMBEDDED_CONTENT_CONTAINS_SWIFT = YES;
				INFOPLIST_FILE = Dougu/Info.plist;
				LD_RUNPATH_SEARCH_PATHS = "$(inherited) @executable_path/Frameworks";
				PRODUCT_NAME = "$(TARGET_NAME)";
			};
			name = Release;
		};
		62E8AE161AA1A1BE00E8DAE0 /* Debug */ = {
			isa = XCBuildConfiguration;
			buildSettings = {
				BUNDLE_LOADER = "$(TEST_HOST)";
				FRAMEWORK_SEARCH_PATHS = (
					"$(SDKROOT)/Developer/Library/Frameworks",
					"$(inherited)",
				);
				GCC_PREPROCESSOR_DEFINITIONS = (
					"DEBUG=1",
					"$(inherited)",
				);
				INFOPLIST_FILE = DouguTests/Info.plist;
				LD_RUNPATH_SEARCH_PATHS = "$(inherited) @executable_path/Frameworks @loader_path/Frameworks";
				PRODUCT_NAME = "$(TARGET_NAME)";
				TEST_HOST = "$(BUILT_PRODUCTS_DIR)/Dougu.app/Dougu";
			};
			name = Debug;
		};
		62E8AE171AA1A1BE00E8DAE0 /* Release */ = {
			isa = XCBuildConfiguration;
			buildSettings = {
				BUNDLE_LOADER = "$(TEST_HOST)";
				FRAMEWORK_SEARCH_PATHS = (
					"$(SDKROOT)/Developer/Library/Frameworks",
					"$(inherited)",
				);
				INFOPLIST_FILE = DouguTests/Info.plist;
				LD_RUNPATH_SEARCH_PATHS = "$(inherited) @executable_path/Frameworks @loader_path/Frameworks";
				PRODUCT_NAME = "$(TARGET_NAME)";
				TEST_HOST = "$(BUILT_PRODUCTS_DIR)/Dougu.app/Dougu";
			};
			name = Release;
		};
/* End XCBuildConfiguration section */

/* Begin XCConfigurationList section */
		6258CAA81AA1A78E00D7C392 /* Build configuration list for PBXNativeTarget "DouguExtension" */ = {
			isa = XCConfigurationList;
			buildConfigurations = (
				6258CAA61AA1A78E00D7C392 /* Debug */,
				6258CAA71AA1A78E00D7C392 /* Release */,
			);
			defaultConfigurationIsVisible = 0;
		};
		62E8ADEB1AA1A1BE00E8DAE0 /* Build configuration list for PBXProject "Dougu" */ = {
			isa = XCConfigurationList;
			buildConfigurations = (
				62E8AE101AA1A1BE00E8DAE0 /* Debug */,
				62E8AE111AA1A1BE00E8DAE0 /* Release */,
			);
			defaultConfigurationIsVisible = 0;
			defaultConfigurationName = Release;
		};
		62E8AE121AA1A1BE00E8DAE0 /* Build configuration list for PBXNativeTarget "Dougu" */ = {
			isa = XCConfigurationList;
			buildConfigurations = (
				62E8AE131AA1A1BE00E8DAE0 /* Debug */,
				62E8AE141AA1A1BE00E8DAE0 /* Release */,
			);
			defaultConfigurationIsVisible = 0;
			defaultConfigurationName = Release;
		};
		62E8AE151AA1A1BE00E8DAE0 /* Build configuration list for PBXNativeTarget "DouguTests" */ = {
			isa = XCConfigurationList;
			buildConfigurations = (
				62E8AE161AA1A1BE00E8DAE0 /* Debug */,
				62E8AE171AA1A1BE00E8DAE0 /* Release */,
			);
			defaultConfigurationIsVisible = 0;
			defaultConfigurationName = Release;
		};
/* End XCConfigurationList section */

/* Begin XCVersionGroup section */
		62E8ADF71AA1A1BE00E8DAE0 /* Dougu.xcdatamodeld */ = {
			isa = XCVersionGroup;
			children = (
				62E8ADF81AA1A1BE00E8DAE0 /* Dougu.xcdatamodel */,
			);
			currentVersion = 62E8ADF81AA1A1BE00E8DAE0 /* Dougu.xcdatamodel */;
			path = Dougu.xcdatamodeld;
			sourceTree = "<group>";
			versionGroupType = wrapper.xcdatamodel;
		};
/* End XCVersionGroup section */
	};
	rootObject = 62E8ADE81AA1A1BE00E8DAE0 /* Project object */;
}
